
Microsoft Visual Studio Solution File, Format Version 12.00
# Visual Studio 15
VisualStudioVersion = 15.0.27130.2027
MinimumVisualStudioVersion = 10.0.40219.1
Project("{FAE04EC0-301F-11D3-BF4B-00C04F79EFBC}") = "Biblioteca", "Biblioteca\Biblioteca.csproj", "{9C603343-0069-4A3A-8442-D0A80011F75B}"
EndProject
Project("{FAE04EC0-301F-11D3-BF4B-00C04F79EFBC}") = "CRUDAlunos.Forms", "CRUDAlunos.Forms\CRUDAlunos.Forms.csproj", "{0C30B9CD-2866-4FFF-92F4-E2600C192917}"
EndProject
Global
	GlobalSection(SolutionConfigurationPlatforms) = preSolution
		Debug|Any CPU = Debug|Any CPU
		Release|Any CPU = Release|Any CPU
	EndGlobalSection
	GlobalSection(ProjectConfigurationPlatforms) = postSolution
		{9C603343-0069-4A3A-8442-D0A80011F75B}.Debug|Any CPU.ActiveCfg = Debug|Any CPU
		{9C603343-0069-4A3A-8442-D0A80011F75B}.Debug|Any CPU.Build.0 = Debug|Any CPU
		{9C603343-0069-4A3A-8442-D0A80011F75B}.Release|Any CPU.ActiveCfg = Release|Any CPU
		{9C603343-0069-4A3A-8442-D0A80011F75B}.Release|Any CPU.Build.0 = Release|Any CPU
		{0C30B9CD-2866-4FFF-92F4-E2600C192917}.Debug|Any CPU.ActiveCfg = Debug|Any CPU
		{0C30B9CD-2866-4FFF-92F4-E2600C192917}.Debug|Any CPU.Build.0 = Debug|Any CPU
		{0C30B9CD-2866-4FFF-92F4-E2600C192917}.Release|Any CPU.ActiveCfg = Release|Any CPU
		{0C30B9CD-2866-4FFF-92F4-E2600C192917}.Release|Any CPU.Build.0 = Release|Any CPU
	EndGlobalSection
	GlobalSection(SolutionProperties) = preSolution
		HideSolutionNode = FALSE
	EndGlobalSection
	GlobalSection(ExtensibilityGlobals) = postSolution
		SolutionGuid = {07ED499C-733F-4CDE-AA7C-75CB305FFEBD}
	EndGlobalSection
EndGlobal
